
Microsoft Visual Studio Solution File, Format Version 12.00
# Visual Studio Version 17
VisualStudioVersion = 17.9.34616.47
MinimumVisualStudioVersion = 10.0.40219.1
Project("{FAE04EC0-301F-11D3-BF4B-00C04F79EFBC}") = "Sprint1_Sipaya", "Sprint1_Sipaya\Sprint1_Sipaya.csproj", "{DE6A6CAE-C1FD-4391-8516-4A817B9CFB9C}"
EndProject
Global
	GlobalSection(SolutionConfigurationPlatforms) = preSolution
		Debug|Any CPU = Debug|Any CPU
		Release|Any CPU = Release|Any CPU
	EndGlobalSection
	GlobalSection(ProjectConfigurationPlatforms) = postSolution
		{DE6A6CAE-C1FD-4391-8516-4A817B9CFB9C}.Debug|Any CPU.ActiveCfg = Debug|Any CPU
		{DE6A6CAE-C1FD-4391-8516-4A817B9CFB9C}.Debug|Any CPU.Build.0 = Debug|Any CPU
		{DE6A6CAE-C1FD-4391-8516-4A817B9CFB9C}.Release|Any CPU.ActiveCfg = Release|Any CPU
		{DE6A6CAE-C1FD-4391-8516-4A817B9CFB9C}.Release|Any CPU.Build.0 = Release|Any CPU
	EndGlobalSection
	GlobalSection(SolutionProperties) = preSolution
		HideSolutionNode = FALSE
	EndGlobalSection
	GlobalSection(ExtensibilityGlobals) = postSolution
		SolutionGuid = {8B6AADB9-AF08-4412-8125-462691F6E146}
	EndGlobalSection
EndGlobal
